
Microsoft Visual Studio Solution File, Format Version 12.00
# Visual Studio Version 17
VisualStudioVersion = 17.9.34607.119
MinimumVisualStudioVersion = 10.0.40219.1
Project("{FAE04EC0-301F-11D3-BF4B-00C04F79EFBC}") = "Shop-ReactApp.Server", "Shop-ReactApp.Server\Shop-ReactApp.Server.csproj", "{DED5D53F-1B8E-41CC-91F9-E3313D3909F7}"
EndProject
Project("{54A90642-561A-4BB1-A94E-469ADEE60C69}") = "shop-reactapp.client", "shop-reactapp.client\shop-reactapp.client.esproj", "{707CF7CC-298E-4E2A-9B38-B136232FCA10}"
EndProject
Global
	GlobalSection(SolutionConfigurationPlatforms) = preSolution
		Debug|Any CPU = Debug|Any CPU
		Release|Any CPU = Release|Any CPU
	EndGlobalSection
	GlobalSection(ProjectConfigurationPlatforms) = postSolution
		{DED5D53F-1B8E-41CC-91F9-E3313D3909F7}.Debug|Any CPU.ActiveCfg = Debug|Any CPU
		{DED5D53F-1B8E-41CC-91F9-E3313D3909F7}.Debug|Any CPU.Build.0 = Debug|Any CPU
		{DED5D53F-1B8E-41CC-91F9-E3313D3909F7}.Release|Any CPU.ActiveCfg = Release|Any CPU
		{DED5D53F-1B8E-41CC-91F9-E3313D3909F7}.Release|Any CPU.Build.0 = Release|Any CPU
		{707CF7CC-298E-4E2A-9B38-B136232FCA10}.Debug|Any CPU.ActiveCfg = Debug|Any CPU
		{707CF7CC-298E-4E2A-9B38-B136232FCA10}.Debug|Any CPU.Build.0 = Debug|Any CPU
		{707CF7CC-298E-4E2A-9B38-B136232FCA10}.Debug|Any CPU.Deploy.0 = Debug|Any CPU
		{707CF7CC-298E-4E2A-9B38-B136232FCA10}.Release|Any CPU.ActiveCfg = Release|Any CPU
		{707CF7CC-298E-4E2A-9B38-B136232FCA10}.Release|Any CPU.Build.0 = Release|Any CPU
		{707CF7CC-298E-4E2A-9B38-B136232FCA10}.Release|Any CPU.Deploy.0 = Release|Any CPU
	EndGlobalSection
	GlobalSection(SolutionProperties) = preSolution
		HideSolutionNode = FALSE
	EndGlobalSection
	GlobalSection(ExtensibilityGlobals) = postSolution
		SolutionGuid = {0E462573-7D32-43A3-B191-F76DE094BA00}
	EndGlobalSection
EndGlobal
